
Microsoft Visual Studio Solution File, Format Version 12.00
# Visual Studio Version 17
VisualStudioVersion = 17.5.33530.505
MinimumVisualStudioVersion = 10.0.40219.1
Project("{FAE04EC0-301F-11D3-BF4B-00C04F79EFBC}") = "DES", "DES.csproj", "{76E59470-46A6-416B-B73E-14F1CAF54DFA}"
EndProject
Global
	GlobalSection(SolutionConfigurationPlatforms) = preSolution
		Debug|Any CPU = Debug|Any CPU
		Release|Any CPU = Release|Any CPU
	EndGlobalSection
	GlobalSection(ProjectConfigurationPlatforms) = postSolution
		{76E59470-46A6-416B-B73E-14F1CAF54DFA}.Debug|Any CPU.ActiveCfg = Debug|Any CPU
		{76E59470-46A6-416B-B73E-14F1CAF54DFA}.Debug|Any CPU.Build.0 = Debug|Any CPU
		{76E59470-46A6-416B-B73E-14F1CAF54DFA}.Release|Any CPU.ActiveCfg = Release|Any CPU
		{76E59470-46A6-416B-B73E-14F1CAF54DFA}.Release|Any CPU.Build.0 = Release|Any CPU
	EndGlobalSection
	GlobalSection(SolutionProperties) = preSolution
		HideSolutionNode = FALSE
	EndGlobalSection
	GlobalSection(ExtensibilityGlobals) = postSolution
		SolutionGuid = {054A76FB-53AA-483A-8177-8EBD9996C014}
	EndGlobalSection
EndGlobal
